<Solution>
  <Folder Name="/src/">
    <Project Path="src/eAgenda.Dominio/eAgenda.Dominio.csproj" />
    <Project Path="src/eAgenda.Aplicacao/eAgenda.Aplicacao.csproj" />
    <Project Path="src/eAgenda.Infra/eAgenda.Infra.csproj" />
    <Project Path="src/eAgenda.WebApi/eAgenda.WebApi.csproj" />
  </Folder>
  <Folder Name="/tests/">
    <Project Path="tests/eAgenda.Testes.E2E/eAgenda.Testes.E2E.csproj" />
    <Project Path="tests/eAgenda.Testes.Integracao/eAgenda.Testes.Integracao.csproj" />
    <Project Path="tests/eAgenda.Testes.Unidade/eAgenda.Testes.Unidade.csproj" />
  </Folder>
  <Project Path="eAgenda.Database/eAgenda.Database.sqlproj" />
</Solution>
